
Microsoft Visual Studio Solution File, Format Version 12.00
# Visual Studio 15
VisualStudioVersion = 15.0.27130.2027
MinimumVisualStudioVersion = 10.0.40219.1
Project("{FAE04EC0-301F-11D3-BF4B-00C04F79EFBC}") = "hakaton", "hakaton\hakaton.csproj", "{8FB4D736-A8E5-4ED8-98C6-FC20A6031EBF}"
EndProject
Global
	GlobalSection(SolutionConfigurationPlatforms) = preSolution
		Debug|Any CPU = Debug|Any CPU
		Release|Any CPU = Release|Any CPU
	EndGlobalSection
	GlobalSection(ProjectConfigurationPlatforms) = postSolution
		{8FB4D736-A8E5-4ED8-98C6-FC20A6031EBF}.Debug|Any CPU.ActiveCfg = Debug|Any CPU
		{8FB4D736-A8E5-4ED8-98C6-FC20A6031EBF}.Debug|Any CPU.Build.0 = Debug|Any CPU
		{8FB4D736-A8E5-4ED8-98C6-FC20A6031EBF}.Release|Any CPU.ActiveCfg = Release|Any CPU
		{8FB4D736-A8E5-4ED8-98C6-FC20A6031EBF}.Release|Any CPU.Build.0 = Release|Any CPU
	EndGlobalSection
	GlobalSection(SolutionProperties) = preSolution
		HideSolutionNode = FALSE
	EndGlobalSection
	GlobalSection(ExtensibilityGlobals) = postSolution
		SolutionGuid = {B6966B35-FAAF-4134-AD0C-85F85EF381F6}
	EndGlobalSection
EndGlobal
